
Microsoft Visual Studio Solution File, Format Version 12.00
# Visual Studio 14
VisualStudioVersion = 14.0.25420.1
MinimumVisualStudioVersion = 10.0.40219.1
Project("{FAE04EC0-301F-11D3-BF4B-00C04F79EFBC}") = "TTOS0200-LABRA-8", "TTOS0200-LABRA-8\TTOS0200-LABRA-8.csproj", "{022A8B50-CEF8-4F00-9995-3E2451BF0244}"
EndProject
Project("{FAE04EC0-301F-11D3-BF4B-00C04F79EFBC}") = "Tehtava1", "Tehtava1\Tehtava1.csproj", "{86A92E6B-0D8B-4EB5-800E-D289020EAE78}"
EndProject
Project("{FAE04EC0-301F-11D3-BF4B-00C04F79EFBC}") = "LaskinDemo", "LaskinDemo\LaskinDemo.csproj", "{BE3A6810-5BD8-4DD8-A0BB-8284187CC7C1}"
EndProject
Project("{FAE04EC0-301F-11D3-BF4B-00C04F79EFBC}") = "LaskinDemoTests", "LaskinDemoTests\LaskinDemoTests.csproj", "{BC2A35D2-E5AE-4118-B85F-268BABB28DF6}"
EndProject
Project("{FAE04EC0-301F-11D3-BF4B-00C04F79EFBC}") = "Tehtava2", "Tehtava2\Tehtava2.csproj", "{6AD0587F-4423-4137-92B2-99C71011D3BE}"
EndProject
Project("{FAE04EC0-301F-11D3-BF4B-00C04F79EFBC}") = "Tehtava3", "Tehtava3\Tehtava3.csproj", "{376493AC-3725-4F20-AE80-4D0238212CB1}"
EndProject
Project("{FAE04EC0-301F-11D3-BF4B-00C04F79EFBC}") = "Tehtava4", "Tehtava4\Tehtava4.csproj", "{4476B7D2-F67F-4CBF-A14B-419C80036803}"
EndProject
Project("{FAE04EC0-301F-11D3-BF4B-00C04F79EFBC}") = "Tehtava5", "Tehtava5\Tehtava5.csproj", "{F2C881F8-F5F2-4AF8-8B0A-5AC114F9A19E}"
EndProject
Project("{FAE04EC0-301F-11D3-BF4B-00C04F79EFBC}") = "Tehtava6", "Tehtava6\Tehtava6.csproj", "{48CD1C8E-D402-4FFB-97E9-9A93EDE318E4}"
EndProject
Project("{FAE04EC0-301F-11D3-BF4B-00C04F79EFBC}") = "Tehtava5Tests", "Tehtava5Tests\Tehtava5Tests.csproj", "{17EC5B93-6A0A-41E5-B62F-0D13BF6FB7C2}"
EndProject
Project("{FAE04EC0-301F-11D3-BF4B-00C04F79EFBC}") = "Tehtava6Tests", "Tehtava6Tests\Tehtava6Tests.csproj", "{FDD1A5E3-FF0B-40C8-90A8-7FABDC110ABA}"
EndProject
Global
	GlobalSection(SolutionConfigurationPlatforms) = preSolution
		Debug|Any CPU = Debug|Any CPU
		Release|Any CPU = Release|Any CPU
	EndGlobalSection
	GlobalSection(ProjectConfigurationPlatforms) = postSolution
		{022A8B50-CEF8-4F00-9995-3E2451BF0244}.Debug|Any CPU.ActiveCfg = Debug|Any CPU
		{022A8B50-CEF8-4F00-9995-3E2451BF0244}.Debug|Any CPU.Build.0 = Debug|Any CPU
		{022A8B50-CEF8-4F00-9995-3E2451BF0244}.Release|Any CPU.ActiveCfg = Release|Any CPU
		{022A8B50-CEF8-4F00-9995-3E2451BF0244}.Release|Any CPU.Build.0 = Release|Any CPU
		{86A92E6B-0D8B-4EB5-800E-D289020EAE78}.Debug|Any CPU.ActiveCfg = Debug|Any CPU
		{86A92E6B-0D8B-4EB5-800E-D289020EAE78}.Debug|Any CPU.Build.0 = Debug|Any CPU
		{86A92E6B-0D8B-4EB5-800E-D289020EAE78}.Release|Any CPU.ActiveCfg = Release|Any CPU
		{86A92E6B-0D8B-4EB5-800E-D289020EAE78}.Release|Any CPU.Build.0 = Release|Any CPU
		{BE3A6810-5BD8-4DD8-A0BB-8284187CC7C1}.Debug|Any CPU.ActiveCfg = Debug|Any CPU
		{BE3A6810-5BD8-4DD8-A0BB-8284187CC7C1}.Debug|Any CPU.Build.0 = Debug|Any CPU
		{BE3A6810-5BD8-4DD8-A0BB-8284187CC7C1}.Release|Any CPU.ActiveCfg = Release|Any CPU
		{BE3A6810-5BD8-4DD8-A0BB-8284187CC7C1}.Release|Any CPU.Build.0 = Release|Any CPU
		{BC2A35D2-E5AE-4118-B85F-268BABB28DF6}.Debug|Any CPU.ActiveCfg = Debug|Any CPU
		{BC2A35D2-E5AE-4118-B85F-268BABB28DF6}.Debug|Any CPU.Build.0 = Debug|Any CPU
		{BC2A35D2-E5AE-4118-B85F-268BABB28DF6}.Release|Any CPU.ActiveCfg = Release|Any CPU
		{BC2A35D2-E5AE-4118-B85F-268BABB28DF6}.Release|Any CPU.Build.0 = Release|Any CPU
		{6AD0587F-4423-4137-92B2-99C71011D3BE}.Debug|Any CPU.ActiveCfg = Debug|Any CPU
		{6AD0587F-4423-4137-92B2-99C71011D3BE}.Debug|Any CPU.Build.0 = Debug|Any CPU
		{6AD0587F-4423-4137-92B2-99C71011D3BE}.Release|Any CPU.ActiveCfg = Release|Any CPU
		{6AD0587F-4423-4137-92B2-99C71011D3BE}.Release|Any CPU.Build.0 = Release|Any CPU
		{376493AC-3725-4F20-AE80-4D0238212CB1}.Debug|Any CPU.ActiveCfg = Debug|Any CPU
		{376493AC-3725-4F20-AE80-4D0238212CB1}.Debug|Any CPU.Build.0 = Debug|Any CPU
		{376493AC-3725-4F20-AE80-4D0238212CB1}.Release|Any CPU.ActiveCfg = Release|Any CPU
		{376493AC-3725-4F20-AE80-4D0238212CB1}.Release|Any CPU.Build.0 = Release|Any CPU
		{4476B7D2-F67F-4CBF-A14B-419C80036803}.Debug|Any CPU.ActiveCfg = Debug|Any CPU
		{4476B7D2-F67F-4CBF-A14B-419C80036803}.Debug|Any CPU.Build.0 = Debug|Any CPU
		{4476B7D2-F67F-4CBF-A14B-419C80036803}.Release|Any CPU.ActiveCfg = Release|Any CPU
		{4476B7D2-F67F-4CBF-A14B-419C80036803}.Release|Any CPU.Build.0 = Release|Any CPU
		{F2C881F8-F5F2-4AF8-8B0A-5AC114F9A19E}.Debug|Any CPU.ActiveCfg = Debug|Any CPU
		{F2C881F8-F5F2-4AF8-8B0A-5AC114F9A19E}.Debug|Any CPU.Build.0 = Debug|Any CPU
		{F2C881F8-F5F2-4AF8-8B0A-5AC114F9A19E}.Release|Any CPU.ActiveCfg = Release|Any CPU
		{F2C881F8-F5F2-4AF8-8B0A-5AC114F9A19E}.Release|Any CPU.Build.0 = Release|Any CPU
		{48CD1C8E-D402-4FFB-97E9-9A93EDE318E4}.Debug|Any CPU.ActiveCfg = Debug|Any CPU
		{48CD1C8E-D402-4FFB-97E9-9A93EDE318E4}.Debug|Any CPU.Build.0 = Debug|Any CPU
		{48CD1C8E-D402-4FFB-97E9-9A93EDE318E4}.Release|Any CPU.ActiveCfg = Release|Any CPU
		{48CD1C8E-D402-4FFB-97E9-9A93EDE318E4}.Release|Any CPU.Build.0 = Release|Any CPU
		{17EC5B93-6A0A-41E5-B62F-0D13BF6FB7C2}.Debug|Any CPU.ActiveCfg = Debug|Any CPU
		{17EC5B93-6A0A-41E5-B62F-0D13BF6FB7C2}.Debug|Any CPU.Build.0 = Debug|Any CPU
		{17EC5B93-6A0A-41E5-B62F-0D13BF6FB7C2}.Release|Any CPU.ActiveCfg = Release|Any CPU
		{17EC5B93-6A0A-41E5-B62F-0D13BF6FB7C2}.Release|Any CPU.Build.0 = Release|Any CPU
		{FDD1A5E3-FF0B-40C8-90A8-7FABDC110ABA}.Debug|Any CPU.ActiveCfg = Debug|Any CPU
		{FDD1A5E3-FF0B-40C8-90A8-7FABDC110ABA}.Debug|Any CPU.Build.0 = Debug|Any CPU
		{FDD1A5E3-FF0B-40C8-90A8-7FABDC110ABA}.Release|Any CPU.ActiveCfg = Release|Any CPU
		{FDD1A5E3-FF0B-40C8-90A8-7FABDC110ABA}.Release|Any CPU.Build.0 = Release|Any CPU
	EndGlobalSection
	GlobalSection(SolutionProperties) = preSolution
		HideSolutionNode = FALSE
	EndGlobalSection
EndGlobal
